
Microsoft Visual Studio Solution File, Format Version 12.00
# Visual Studio Version 17
VisualStudioVersion = 17.2.32616.157
MinimumVisualStudioVersion = 10.0.40219.1
Project("{FAE04EC0-301F-11D3-BF4B-00C04F79EFBC}") = "Backsplice", "Backsplice\Backsplice.csproj", "{AF2E69A5-36C6-46C7-B58A-FF02599647CC}"
EndProject
Project("{FAE04EC0-301F-11D3-BF4B-00C04F79EFBC}") = "UnitTests", "UnitTests\UnitTests.csproj", "{2CF40B21-F4D0-4199-91CF-C6123B3A1002}"
EndProject
Project("{F088123C-0E9E-452A-89E6-6BA2F21D5CAC}") = "Backsplice UML", "Backsplice UML\Backsplice UML.modelproj", "{5C38917F-91AF-4F49-8F8F-5DFE46370660}"
EndProject
Project("{FAE04EC0-301F-11D3-BF4B-00C04F79EFBC}") = "backsplicelib", "backsplicelib\backsplicelib.csproj", "{7508CEFB-8FB0-48ED-B71C-67BBDC40F232}"
EndProject
Project("{C7167F0D-BC9F-4E6E-AFE1-012C56B48DB5}") = "Setup", "Setup\Setup.wapproj", "{C9417604-80CA-4134-81B0-F595754A8EC3}"
EndProject
Global
	GlobalSection(SolutionConfigurationPlatforms) = preSolution
		Debug|Any CPU = Debug|Any CPU
		Debug|ARM = Debug|ARM
		Debug|ARM64 = Debug|ARM64
		Debug|Mixed Platforms = Debug|Mixed Platforms
		Debug|x64 = Debug|x64
		Debug|x86 = Debug|x86
		Release|Any CPU = Release|Any CPU
		Release|ARM = Release|ARM
		Release|ARM64 = Release|ARM64
		Release|Mixed Platforms = Release|Mixed Platforms
		Release|x64 = Release|x64
		Release|x86 = Release|x86
	EndGlobalSection
	GlobalSection(ProjectConfigurationPlatforms) = postSolution
		{AF2E69A5-36C6-46C7-B58A-FF02599647CC}.Debug|Any CPU.ActiveCfg = Debug|Any CPU
		{AF2E69A5-36C6-46C7-B58A-FF02599647CC}.Debug|Any CPU.Build.0 = Debug|Any CPU
		{AF2E69A5-36C6-46C7-B58A-FF02599647CC}.Debug|ARM.ActiveCfg = Debug|Any CPU
		{AF2E69A5-36C6-46C7-B58A-FF02599647CC}.Debug|ARM.Build.0 = Debug|Any CPU
		{AF2E69A5-36C6-46C7-B58A-FF02599647CC}.Debug|ARM64.ActiveCfg = Debug|Any CPU
		{AF2E69A5-36C6-46C7-B58A-FF02599647CC}.Debug|ARM64.Build.0 = Debug|Any CPU
		{AF2E69A5-36C6-46C7-B58A-FF02599647CC}.Debug|Mixed Platforms.ActiveCfg = Debug|Any CPU
		{AF2E69A5-36C6-46C7-B58A-FF02599647CC}.Debug|Mixed Platforms.Build.0 = Debug|Any CPU
		{AF2E69A5-36C6-46C7-B58A-FF02599647CC}.Debug|x64.ActiveCfg = Debug|Any CPU
		{AF2E69A5-36C6-46C7-B58A-FF02599647CC}.Debug|x64.Build.0 = Debug|Any CPU
		{AF2E69A5-36C6-46C7-B58A-FF02599647CC}.Debug|x86.ActiveCfg = Debug|Any CPU
		{AF2E69A5-36C6-46C7-B58A-FF02599647CC}.Release|Any CPU.ActiveCfg = Release|Any CPU
		{AF2E69A5-36C6-46C7-B58A-FF02599647CC}.Release|ARM.ActiveCfg = Release|Any CPU
		{AF2E69A5-36C6-46C7-B58A-FF02599647CC}.Release|ARM.Build.0 = Release|Any CPU
		{AF2E69A5-36C6-46C7-B58A-FF02599647CC}.Release|ARM64.ActiveCfg = Release|Any CPU
		{AF2E69A5-36C6-46C7-B58A-FF02599647CC}.Release|ARM64.Build.0 = Release|Any CPU
		{AF2E69A5-36C6-46C7-B58A-FF02599647CC}.Release|Mixed Platforms.ActiveCfg = Release|Any CPU
		{AF2E69A5-36C6-46C7-B58A-FF02599647CC}.Release|x64.ActiveCfg = Release|Any CPU
		{AF2E69A5-36C6-46C7-B58A-FF02599647CC}.Release|x64.Build.0 = Release|Any CPU
		{AF2E69A5-36C6-46C7-B58A-FF02599647CC}.Release|x86.ActiveCfg = Release|Any CPU
		{2CF40B21-F4D0-4199-91CF-C6123B3A1002}.Debug|Any CPU.ActiveCfg = Debug|Any CPU
		{2CF40B21-F4D0-4199-91CF-C6123B3A1002}.Debug|Any CPU.Build.0 = Debug|Any CPU
		{2CF40B21-F4D0-4199-91CF-C6123B3A1002}.Debug|ARM.ActiveCfg = Debug|Any CPU
		{2CF40B21-F4D0-4199-91CF-C6123B3A1002}.Debug|ARM.Build.0 = Debug|Any CPU
		{2CF40B21-F4D0-4199-91CF-C6123B3A1002}.Debug|ARM64.ActiveCfg = Debug|Any CPU
		{2CF40B21-F4D0-4199-91CF-C6123B3A1002}.Debug|ARM64.Build.0 = Debug|Any CPU
		{2CF40B21-F4D0-4199-91CF-C6123B3A1002}.Debug|Mixed Platforms.ActiveCfg = Debug|Any CPU
		{2CF40B21-F4D0-4199-91CF-C6123B3A1002}.Debug|Mixed Platforms.Build.0 = Debug|Any CPU
		{2CF40B21-F4D0-4199-91CF-C6123B3A1002}.Debug|x64.ActiveCfg = Debug|Any CPU
		{2CF40B21-F4D0-4199-91CF-C6123B3A1002}.Debug|x64.Build.0 = Debug|Any CPU
		{2CF40B21-F4D0-4199-91CF-C6123B3A1002}.Debug|x86.ActiveCfg = Debug|Any CPU
		{2CF40B21-F4D0-4199-91CF-C6123B3A1002}.Release|Any CPU.ActiveCfg = Release|Any CPU
		{2CF40B21-F4D0-4199-91CF-C6123B3A1002}.Release|Any CPU.Build.0 = Release|Any CPU
		{2CF40B21-F4D0-4199-91CF-C6123B3A1002}.Release|ARM.ActiveCfg = Release|Any CPU
		{2CF40B21-F4D0-4199-91CF-C6123B3A1002}.Release|ARM.Build.0 = Release|Any CPU
		{2CF40B21-F4D0-4199-91CF-C6123B3A1002}.Release|ARM64.ActiveCfg = Release|Any CPU
		{2CF40B21-F4D0-4199-91CF-C6123B3A1002}.Release|ARM64.Build.0 = Release|Any CPU
		{2CF40B21-F4D0-4199-91CF-C6123B3A1002}.Release|Mixed Platforms.ActiveCfg = Release|Any CPU
		{2CF40B21-F4D0-4199-91CF-C6123B3A1002}.Release|Mixed Platforms.Build.0 = Release|Any CPU
		{2CF40B21-F4D0-4199-91CF-C6123B3A1002}.Release|x64.ActiveCfg = Release|Any CPU
		{2CF40B21-F4D0-4199-91CF-C6123B3A1002}.Release|x64.Build.0 = Release|Any CPU
		{2CF40B21-F4D0-4199-91CF-C6123B3A1002}.Release|x86.ActiveCfg = Release|Any CPU
		{5C38917F-91AF-4F49-8F8F-5DFE46370660}.Debug|Any CPU.ActiveCfg = Debug|Any CPU
		{5C38917F-91AF-4F49-8F8F-5DFE46370660}.Debug|Any CPU.Build.0 = Debug|Any CPU
		{5C38917F-91AF-4F49-8F8F-5DFE46370660}.Debug|ARM.ActiveCfg = Debug|Any CPU
		{5C38917F-91AF-4F49-8F8F-5DFE46370660}.Debug|ARM64.ActiveCfg = Debug|Any CPU
		{5C38917F-91AF-4F49-8F8F-5DFE46370660}.Debug|Mixed Platforms.ActiveCfg = Debug|Any CPU
		{5C38917F-91AF-4F49-8F8F-5DFE46370660}.Debug|Mixed Platforms.Build.0 = Debug|Any CPU
		{5C38917F-91AF-4F49-8F8F-5DFE46370660}.Debug|x64.ActiveCfg = Debug|Any CPU
		{5C38917F-91AF-4F49-8F8F-5DFE46370660}.Debug|x86.ActiveCfg = Debug|Any CPU
		{5C38917F-91AF-4F49-8F8F-5DFE46370660}.Release|Any CPU.ActiveCfg = Release|Any CPU
		{5C38917F-91AF-4F49-8F8F-5DFE46370660}.Release|Any CPU.Build.0 = Release|Any CPU
		{5C38917F-91AF-4F49-8F8F-5DFE46370660}.Release|ARM.ActiveCfg = Release|Any CPU
		{5C38917F-91AF-4F49-8F8F-5DFE46370660}.Release|ARM64.ActiveCfg = Release|Any CPU
		{5C38917F-91AF-4F49-8F8F-5DFE46370660}.Release|Mixed Platforms.ActiveCfg = Release|Any CPU
		{5C38917F-91AF-4F49-8F8F-5DFE46370660}.Release|Mixed Platforms.Build.0 = Release|Any CPU
		{5C38917F-91AF-4F49-8F8F-5DFE46370660}.Release|x64.ActiveCfg = Release|Any CPU
		{5C38917F-91AF-4F49-8F8F-5DFE46370660}.Release|x86.ActiveCfg = Release|Any CPU
		{7508CEFB-8FB0-48ED-B71C-67BBDC40F232}.Debug|Any CPU.ActiveCfg = Debug|Any CPU
		{7508CEFB-8FB0-48ED-B71C-67BBDC40F232}.Debug|Any CPU.Build.0 = Debug|Any CPU
		{7508CEFB-8FB0-48ED-B71C-67BBDC40F232}.Debug|ARM.ActiveCfg = Debug|Any CPU
		{7508CEFB-8FB0-48ED-B71C-67BBDC40F232}.Debug|ARM.Build.0 = Debug|Any CPU
		{7508CEFB-8FB0-48ED-B71C-67BBDC40F232}.Debug|ARM64.ActiveCfg = Debug|Any CPU
		{7508CEFB-8FB0-48ED-B71C-67BBDC40F232}.Debug|ARM64.Build.0 = Debug|Any CPU
		{7508CEFB-8FB0-48ED-B71C-67BBDC40F232}.Debug|Mixed Platforms.ActiveCfg = Debug|Any CPU
		{7508CEFB-8FB0-48ED-B71C-67BBDC40F232}.Debug|Mixed Platforms.Build.0 = Debug|Any CPU
		{7508CEFB-8FB0-48ED-B71C-67BBDC40F232}.Debug|x64.ActiveCfg = Debug|Any CPU
		{7508CEFB-8FB0-48ED-B71C-67BBDC40F232}.Debug|x64.Build.0 = Debug|Any CPU
		{7508CEFB-8FB0-48ED-B71C-67BBDC40F232}.Debug|x86.ActiveCfg = Debug|Any CPU
		{7508CEFB-8FB0-48ED-B71C-67BBDC40F232}.Release|Any CPU.ActiveCfg = Release|Any CPU
		{7508CEFB-8FB0-48ED-B71C-67BBDC40F232}.Release|Any CPU.Build.0 = Release|Any CPU
		{7508CEFB-8FB0-48ED-B71C-67BBDC40F232}.Release|ARM.ActiveCfg = Release|Any CPU
		{7508CEFB-8FB0-48ED-B71C-67BBDC40F232}.Release|ARM.Build.0 = Release|Any CPU
		{7508CEFB-8FB0-48ED-B71C-67BBDC40F232}.Release|ARM64.ActiveCfg = Release|Any CPU
		{7508CEFB-8FB0-48ED-B71C-67BBDC40F232}.Release|ARM64.Build.0 = Release|Any CPU
		{7508CEFB-8FB0-48ED-B71C-67BBDC40F232}.Release|Mixed Platforms.ActiveCfg = Release|Any CPU
		{7508CEFB-8FB0-48ED-B71C-67BBDC40F232}.Release|Mixed Platforms.Build.0 = Release|Any CPU
		{7508CEFB-8FB0-48ED-B71C-67BBDC40F232}.Release|x64.ActiveCfg = Release|Any CPU
		{7508CEFB-8FB0-48ED-B71C-67BBDC40F232}.Release|x64.Build.0 = Release|Any CPU
		{7508CEFB-8FB0-48ED-B71C-67BBDC40F232}.Release|x86.ActiveCfg = Release|Any CPU
		{C9417604-80CA-4134-81B0-F595754A8EC3}.Debug|Any CPU.ActiveCfg = Debug|Any CPU
		{C9417604-80CA-4134-81B0-F595754A8EC3}.Debug|Any CPU.Build.0 = Debug|Any CPU
		{C9417604-80CA-4134-81B0-F595754A8EC3}.Debug|Any CPU.Deploy.0 = Debug|Any CPU
		{C9417604-80CA-4134-81B0-F595754A8EC3}.Debug|ARM.ActiveCfg = Debug|Any CPU
		{C9417604-80CA-4134-81B0-F595754A8EC3}.Debug|ARM64.ActiveCfg = Debug|Any CPU
		{C9417604-80CA-4134-81B0-F595754A8EC3}.Debug|Mixed Platforms.ActiveCfg = Debug|Any CPU
		{C9417604-80CA-4134-81B0-F595754A8EC3}.Debug|Mixed Platforms.Build.0 = Debug|Any CPU
		{C9417604-80CA-4134-81B0-F595754A8EC3}.Debug|Mixed Platforms.Deploy.0 = Debug|Any CPU
		{C9417604-80CA-4134-81B0-F595754A8EC3}.Debug|x64.ActiveCfg = Debug|Any CPU
		{C9417604-80CA-4134-81B0-F595754A8EC3}.Debug|x86.ActiveCfg = Debug|Any CPU
		{C9417604-80CA-4134-81B0-F595754A8EC3}.Release|Any CPU.ActiveCfg = Release|Any CPU
		{C9417604-80CA-4134-81B0-F595754A8EC3}.Release|Any CPU.Build.0 = Release|Any CPU
		{C9417604-80CA-4134-81B0-F595754A8EC3}.Release|Any CPU.Deploy.0 = Release|Any CPU
		{C9417604-80CA-4134-81B0-F595754A8EC3}.Release|ARM.ActiveCfg = Release|Any CPU
		{C9417604-80CA-4134-81B0-F595754A8EC3}.Release|ARM64.ActiveCfg = Release|Any CPU
		{C9417604-80CA-4134-81B0-F595754A8EC3}.Release|Mixed Platforms.ActiveCfg = Release|Any CPU
		{C9417604-80CA-4134-81B0-F595754A8EC3}.Release|Mixed Platforms.Build.0 = Release|Any CPU
		{C9417604-80CA-4134-81B0-F595754A8EC3}.Release|Mixed Platforms.Deploy.0 = Release|Any CPU
		{C9417604-80CA-4134-81B0-F595754A8EC3}.Release|x64.ActiveCfg = Release|Any CPU
		{C9417604-80CA-4134-81B0-F595754A8EC3}.Release|x86.ActiveCfg = Release|Any CPU
	EndGlobalSection
	GlobalSection(SolutionProperties) = preSolution
		HideSolutionNode = FALSE
	EndGlobalSection
	GlobalSection(ExtensibilityGlobals) = postSolution
		SolutionGuid = {416D4FF0-EB1D-447C-B205-BDAF2E86A343}
	EndGlobalSection
	GlobalSection(TestCaseManagementSettings) = postSolution
		CategoryFile = Backsplice.vsmdi
	EndGlobalSection
EndGlobal
