
Microsoft Visual Studio Solution File, Format Version 12.00
# Visual Studio Version 17
VisualStudioVersion = 17.2.32616.157
MinimumVisualStudioVersion = 10.0.40219.1
Project("{9A19103F-16F7-4668-BE54-9A1E7A4F7556}") = "Backsplice", "Backsplice\Backsplice.csproj", "{AF2E69A5-36C6-46C7-B58A-FF02599647CC}"
EndProject
Global
	GlobalSection(SolutionConfigurationPlatforms) = preSolution
		Debug|Any CPU = Debug|Any CPU
		Release|Any CPU = Release|Any CPU
	EndGlobalSection
	GlobalSection(ProjectConfigurationPlatforms) = postSolution
		{AF2E69A5-36C6-46C7-B58A-FF02599647CC}.Debug|Any CPU.ActiveCfg = Debug|Any CPU
		{AF2E69A5-36C6-46C7-B58A-FF02599647CC}.Debug|Any CPU.Build.0 = Debug|Any CPU
		{AF2E69A5-36C6-46C7-B58A-FF02599647CC}.Release|Any CPU.ActiveCfg = Release|Any CPU
		{AF2E69A5-36C6-46C7-B58A-FF02599647CC}.Release|Any CPU.Build.0 = Release|Any CPU
	EndGlobalSection
	GlobalSection(SolutionProperties) = preSolution
		HideSolutionNode = FALSE
	EndGlobalSection
	GlobalSection(ExtensibilityGlobals) = postSolution
		SolutionGuid = {416D4FF0-EB1D-447C-B205-BDAF2E86A343}
	EndGlobalSection
	GlobalSection(TestCaseManagementSettings) = postSolution
		CategoryFile = Backsplice.vsmdi
	EndGlobalSection
EndGlobal
